golang.org/x/crypto v0.0.0-20190308221718-c2843e01d9a2/go.mod h1:djNgcEr1/C05ACkg1iLfiJU5Ep61QUkGW8qpdssI0+w=
golang.org/x/net v0.0.0-20190620200207-3b0461eec859/go.mod h1:z5CRVTTTmAJ677TzLLGU+0bjPO0LkuOLi4/5GtJWs/s=
golang.org/x/sync v0.0.0-20190423024810-112230192c58/go.mod h1:RxMgew5VJxzue5/jJTE5uejpjVlOe/izrB70Jof72aM=
golang.org/x/sys v0.0.0-20190215142949-d0b11bdaac8a/go.mod h1:STP8DvDyc/dI5b8T5hshtkjS+E42TnysNCUPdjciGhY=
golang.org/x/text v0.3.0/go.mod h1:NqM8EUOU14njkJ3fqMW+pc6Ldnwhi/IjpwHt7yyuwOQ=
golang.org/x/tools v0.0.0-20191011211836-4c025a95b26e h1:1o2bDs9pCd2xFhdwqJTrCIswAeEsn4h/PCNelWpfcsI=
golang.org/x/tools v0.0.0-20191011211836-4c025a95b26e/go.mod h1:b+2E5dAYhXwXZwtnZ6UAqBI28+e2cm9otk0dWdXHAEo=
golang.org/x/tools v0.0.0-20191015150414-f936694f27bf h1:60bAcFbqQ3hW1i1JqrAcVJhY4qUUJhgBAimCcAKNvDE=
golang.org/x/tools v0.0.0-20191015211201-9c6d90b5a7d0 h1:KPtnBRFVP7cXAlZnb0bT/gohhmrkpXkk8DP9eZ+Aius=
golang.org/x/tools v0.0.0-20191017035025-0abb09c987dd h1:05UlZ/D8j3ueatR0iMtGQ8BOUKChM5b0XY/c50tSFe4=
golang.org/x/tools v0.0.0-20191018212557-ed542cd5b28a h1:UuQ+70Pi/ZdWHuP4v457pkXeOynTdgd/4enxeIO/98k=
golang.org/x/tools v0.0.0-20191029171147-ff30247f344b h1:dTKqo6WyuHIm2oDEsC+VhHEz5g4vj/r/W+RE4AQF5BU=
golang.org/x/tools v0.0.0-20191031160344-02d0efc0fb61 h1:o0KFp2uZHu/z1OAhIXG4Y+mtZevO4c/32GeslGWtSr8=
golang.org/x/tools v0.0.0-20191119175705-11e13f1c3fd7 h1:RyLBY/sJ/JwgAsmjUkGy/spRidXrmMj9uK4V6eiBypg=
golang.org/x/xerrors v0.0.0-20190717185122-a985d3407aa7/go.mod h1:I/5z698sn9Ka8TeJc9MKroUUfqBBauWjQqLJ2OPfmY0=
